// !$*UTF8*$!
{
	archiveVersion = 1;
	classes = {
	};
	objectVersion = 46;
	objects = {

/* Begin PBXBuildFile section */
		60A0FD7B1C45B4180009AACC /* MainViewController.m in Sources */ = {isa = PBXBuildFile; fileRef = 60A0FD7A1C45B4180009AACC /* MainViewController.m */; };
		CC66198B1C45B0B6001287E3 /* main.m in Sources */ = {isa = PBXBuildFile; fileRef = CC66198A1C45B0B6001287E3 /* main.m */; };
		CC66198E1C45B0B6001287E3 /* AppDelegate.m in Sources */ = {isa = PBXBuildFile; fileRef = CC66198D1C45B0B6001287E3 /* AppDelegate.m */; };
		CC6619941C45B0B6001287E3 /* Main.storyboard in Resources */ = {isa = PBXBuildFile; fileRef = CC6619921C45B0B6001287E3 /* Main.storyboard */; };
		CC6619961C45B0B6001287E3 /* Assets.xcassets in Resources */ = {isa = PBXBuildFile; fileRef = CC6619951C45B0B6001287E3 /* Assets.xcassets */; };
		CC6619991C45B0B6001287E3 /* LaunchScreen.storyboard in Resources */ = {isa = PBXBuildFile; fileRef = CC6619971C45B0B6001287E3 /* LaunchScreen.storyboard */; };
/* End PBXBuildFile section */

/* Begin PBXFileReference section */
		60A0FD791C45B4180009AACC /* MainViewController.h */ = {isa = PBXFileReference; fileEncoding = 4; lastKnownFileType = sourcecode.c.h; path = MainViewController.h; sourceTree = "<group>"; };
		60A0FD7A1C45B4180009AACC /* MainViewController.m */ = {isa = PBXFileReference; fileEncoding = 4; lastKnownFileType = sourcecode.c.objc; path = MainViewController.m; sourceTree = "<group>"; };
		CC6619861C45B0B6001287E3 /* MySafari.app */ = {isa = PBXFileReference; explicitFileType = wrapper.application; includeInIndex = 0; path = MySafari.app; sourceTree = BUILT_PRODUCTS_DIR; };
		CC66198A1C45B0B6001287E3 /* main.m */ = {isa = PBXFileReference; lastKnownFileType = sourcecode.c.objc; path = main.m; sourceTree = "<group>"; };
		CC66198C1C45B0B6001287E3 /* AppDelegate.h */ = {isa = PBXFileReference; lastKnownFileType = sourcecode.c.h; path = AppDelegate.h; sourceTree = "<group>"; };
		CC66198D1C45B0B6001287E3 /* AppDelegate.m */ = {isa = PBXFileReference; lastKnownFileType = sourcecode.c.objc; path = AppDelegate.m; sourceTree = "<group>"; };
		CC6619931C45B0B6001287E3 /* Base */ = {isa = PBXFileReference; lastKnownFileType = file.storyboard; name = Base; path = Base.lproj/Main.storyboard; sourceTree = "<group>"; };
		CC6619951C45B0B6001287E3 /* Assets.xcassets */ = {isa = PBXFileReference; lastKnownFileType = folder.assetcatalog; path = Assets.xcassets; sourceTree = "<group>"; };
		CC6619981C45B0B6001287E3 /* Base */ = {isa = PBXFileReference; lastKnownFileType = file.storyboard; name = Base; path = Base.lproj/LaunchScreen.storyboard; sourceTree = "<group>"; };
		CC66199A1C45B0B6001287E3 /* Info.plist */ = {isa = PBXFileReference; lastKnownFileType = text.plist.xml; path = Info.plist; sourceTree = "<group>"; };
/* End PBXFileReference section */

/* Begin PBXFrameworksBuildPhase section */
		CC6619831C45B0B6001287E3 /* Frameworks */ = {
			isa = PBXFrameworksBuildPhase;
			buildActionMask = 2147483647;
			files = (
			);
			runOnlyForDeploymentPostprocessing = 0;
		};
/* End PBXFrameworksBuildPhase section */

/* Begin PBXGroup section */
		CC66197D1C45B0B6001287E3 = {
			isa = PBXGroup;
			children = (
				CC6619881C45B0B6001287E3 /* MySafari */,
				CC6619871C45B0B6001287E3 /* Products */,
			);
			sourceTree = "<group>";
		};
		CC6619871C45B0B6001287E3 /* Products */ = {
			isa = PBXGroup;
			children = (
				CC6619861C45B0B6001287E3 /* MySafari.app */,
			);
			name = Products;
			sourceTree = "<group>";
		};
		CC6619881C45B0B6001287E3 /* MySafari */ = {
			isa = PBXGroup;
			children = (
				CC6619921C45B0B6001287E3 /* Main.storyboard */,
				60A0FD791C45B4180009AACC /* MainViewController.h */,
				60A0FD7A1C45B4180009AACC /* MainViewController.m */,
				CC6619951C45B0B6001287E3 /* Assets.xcassets */,
				CC6619971C45B0B6001287E3 /* LaunchScreen.storyboard */,
				CC66199A1C45B0B6001287E3 /* Info.plist */,
				CC6619891C45B0B6001287E3 /* Supporting Files */,
			);
			path = MySafari;
			sourceTree = "<group>";
		};
		CC6619891C45B0B6001287E3 /* Supporting Files */ = {
			isa = PBXGroup;
			children = (
				CC66198C1C45B0B6001287E3 /* AppDelegate.h */,
				CC66198D1C45B0B6001287E3 /* AppDelegate.m */,
				CC66198A1C45B0B6001287E3 /* main.m */,
			);
			name = "Supporting Files";
			sourceTree = "<group>";
		};
/* End PBXGroup section */

/* Begin PBXNativeTarget section */
		CC6619851C45B0B6001287E3 /* MySafari */ = {
			isa = PBXNativeTarget;
			buildConfigurationList = CC66199D1C45B0B6001287E3 /* Build configuration list for PBXNativeTarget "MySafari" */;
			buildPhases = (
				CC6619821C45B0B6001287E3 /* Sources */,
				CC6619831C45B0B6001287E3 /* Frameworks */,
				CC6619841C45B0B6001287E3 /* Resources */,
			);
			buildRules = (
			);
			dependencies = (
			);
			name = MySafari;
			productName = MySafari;
			productReference = CC6619861C45B0B6001287E3 /* MySafari.app */;
			productType = "com.apple.product-type.application";
		};
/* End PBXNativeTarget section */

/* Begin PBXProject section */
		CC66197E1C45B0B6001287E3 /* Project object */ = {
			isa = PBXProject;
			attributes = {
				LastUpgradeCheck = 0720;
				ORGANIZATIONNAME = "mobile makers";
				TargetAttributes = {
					CC6619851C45B0B6001287E3 = {
						CreatedOnToolsVersion = 7.2;
					};
				};
			};
			buildConfigurationList = CC6619811C45B0B6001287E3 /* Build configuration list for PBXProject "MySafari" */;
			compatibilityVersion = "Xcode 3.2";
			developmentRegion = English;
			hasScannedForEncodings = 0;
			knownRegions = (
				en,
				Base,
			);
			mainGroup = CC66197D1C45B0B6001287E3;
			productRefGroup = CC6619871C45B0B6001287E3 /* Products */;
			projectDirPath = "";
			projectRoot = "";
			targets = (
				CC6619851C45B0B6001287E3 /* MySafari */,
			);
		};
/* End PBXProject section */

/* Begin PBXResourcesBuildPhase section */
		CC6619841C45B0B6001287E3 /* Resources */ = {
			isa = PBXResourcesBuildPhase;
			buildActionMask = 2147483647;
			files = (
				CC6619991C45B0B6001287E3 /* LaunchScreen.storyboard in Resources */,
				CC6619961C45B0B6001287E3 /* Assets.xcassets in Resources */,
				CC6619941C45B0B6001287E3 /* Main.storyboard in Resources */,
			);
			runOnlyForDeploymentPostprocessing = 0;
		};
/* End PBXResourcesBuildPhase section */

/* Begin PBXSourcesBuildPhase section */
		CC6619821C45B0B6001287E3 /* Sources */ = {
			isa = PBXSourcesBuildPhase;
			buildActionMask = 2147483647;
			files = (
				CC66198E1C45B0B6001287E3 /* AppDelegate.m in Sources */,
				60A0FD7B1C45B4180009AACC /* MainViewController.m in Sources */,
				CC66198B1C45B0B6001287E3 /* main.m in Sources */,
			);
			runOnlyForDeploymentPostprocessing = 0;
		};
/* End PBXSourcesBuildPhase section */

/* Begin PBXVariantGroup section */
		CC6619921C45B0B6001287E3 /* Main.storyboard */ = {
			isa = PBXVariantGroup;
			children = (
				CC6619931C45B0B6001287E3 /* Base */,
			);
			name = Main.storyboard;
			sourceTree = "<group>";
		};
		CC6619971C45B0B6001287E3 /* LaunchScreen.storyboard */ = {
			isa = PBXVariantGroup;
			children = (
				CC6619981C45B0B6001287E3 /* Base */,
			);
			name = LaunchScreen.storyboard;
			sourceTree = "<group>";
		};
/* End PBXVariantGroup section */

/* Begin XCBuildConfiguration section */
		CC66199B1C45B0B6001287E3 /* Debug */ = {
			isa = XCBuildConfiguration;
			buildSettings = {
				ALWAYS_SEARCH_USER_PATHS = NO;
				CLANG_CXX_LANGUAGE_STANDARD = "gnu++0x";
				CLANG_CXX_LIBRARY = "libc++";
				CLANG_ENABLE_MODULES = YES;
				CLANG_ENABLE_OBJC_ARC = YES;
				CLANG_WARN_BOOL_CONVERSION = YES;
				CLANG_WARN_CONSTANT_CONVERSION = YES;
				CLANG_WARN_DIRECT_OBJC_ISA_USAGE = YES_ERROR;
				CLANG_WARN_EMPTY_BODY = YES;
				CLANG_WARN_ENUM_CONVERSION = YES;
				CLANG_WARN_INT_CONVERSION = YES;
				CLANG_WARN_OBJC_ROOT_CLASS = YES_ERROR;
				CLANG_WARN_UNREACHABLE_CODE = YES;
				CLANG_WARN__DUPLICATE_METHOD_MATCH = YES;
				"CODE_SIGN_IDENTITY[sdk=iphoneos*]" = "iPhone Developer";
				COPY_PHASE_STRIP = NO;
				DEBUG_INFORMATION_FORMAT = dwarf;
				ENABLE_STRICT_OBJC_MSGSEND = YES;
				ENABLE_TESTABILITY = YES;
				GCC_C_LANGUAGE_STANDARD = gnu99;
				GCC_DYNAMIC_NO_PIC = NO;
				GCC_NO_COMMON_BLOCKS = YES;
				GCC_OPTIMIZATION_LEVEL = 0;
				GCC_PREPROCESSOR_DEFINITIONS = (
					"DEBUG=1",
					"$(inherited)",
				);
				GCC_WARN_64_TO_32_BIT_CONVERSION = YES;
				GCC_WARN_ABOUT_RETURN_TYPE = YES_ERROR;
				GCC_WARN_UNDECLARED_SELECTOR = YES;
				GCC_WARN_UNINITIALIZED_AUTOS = YES_AGGRESSIVE;
				GCC_WARN_UNUSED_FUNCTION = YES;
				GCC_WARN_UNUSED_VARIABLE = YES;
				IPHONEOS_DEPLOYMENT_TARGET = 9.2;
				MTL_ENABLE_DEBUG_INFO = YES;
				ONLY_ACTIVE_ARCH = YES;
				SDKROOT = iphoneos;
			};
			name = Debug;
		};
		CC66199C1C45B0B6001287E3 /* Release */ = {
			isa = XCBuildConfiguration;
			buildSettings = {
				ALWAYS_SEARCH_USER_PATHS = NO;
				CLANG_CXX_LANGUAGE_STANDARD = "gnu++0x";
				CLANG_CXX_LIBRARY = "libc++";
				CLANG_ENABLE_MODULES = YES;
				CLANG_ENABLE_OBJC_ARC = YES;
				CLANG_WARN_BOOL_CONVERSION = YES;
				CLANG_WARN_CONSTANT_CONVERSION = YES;
				CLANG_WARN_DIRECT_OBJC_ISA_USAGE = YES_ERROR;
				CLANG_WARN_EMPTY_BODY = YES;
				CLANG_WARN_ENUM_CONVERSION = YES;
				CLANG_WARN_INT_CONVERSION = YES;
				CLANG_WARN_OBJC_ROOT_CLASS = YES_ERROR;
				CLANG_WARN_UNREACHABLE_CODE = YES;
				CLANG_WARN__DUPLICATE_METHOD_MATCH = YES;
				"CODE_SIGN_IDENTITY[sdk=iphoneos*]" = "iPhone Developer";
				COPY_PHASE_STRIP = NO;
				DEBUG_INFORMATION_FORMAT = "dwarf-with-dsym";
				ENABLE_NS_ASSERTIONS = NO;
				ENABLE_STRICT_OBJC_MSGSEND = YES;
				GCC_C_LANGUAGE_STANDARD = gnu99;
				GCC_NO_COMMON_BLOCKS = YES;
				GCC_WARN_64_TO_32_BIT_CONVERSION = YES;
				GCC_WARN_ABOUT_RETURN_TYPE = YES_ERROR;
				GCC_WARN_UNDECLARED_SELECTOR = YES;
				GCC_WARN_UNINITIALIZED_AUTOS = YES_AGGRESSIVE;
				GCC_WARN_UNUSED_FUNCTION = YES;
				GCC_WARN_UNUSED_VARIABLE = YES;
				IPHONEOS_DEPLOYMENT_TARGET = 9.2;
				MTL_ENABLE_DEBUG_INFO = NO;
				SDKROOT = iphoneos;
				VALIDATE_PRODUCT = YES;
			};
			name = Release;
		};
		CC66199E1C45B0B6001287E3 /* Debug */ = {
			isa = XCBuildConfiguration;
			buildSettings = {
				ASSETCATALOG_COMPILER_APPICON_NAME = AppIcon;
				INFOPLIST_FILE = MySafari/Info.plist;
				LD_RUNPATH_SEARCH_PATHS = "$(inherited) @executable_path/Frameworks";
				PRODUCT_BUNDLE_IDENTIFIER = com.mobileMakers.MySafari;
				PRODUCT_NAME = "$(TARGET_NAME)";
			};
			name = Debug;
		};
		CC66199F1C45B0B6001287E3 /* Release */ = {
			isa = XCBuildConfiguration;
			buildSettings = {
				ASSETCATALOG_COMPILER_APPICON_NAME = AppIcon;
				INFOPLIST_FILE = MySafari/Info.plist;
				LD_RUNPATH_SEARCH_PATHS = "$(inherited) @executable_path/Frameworks";
				PRODUCT_BUNDLE_IDENTIFIER = com.mobileMakers.MySafari;
				PRODUCT_NAME = "$(TARGET_NAME)";
			};
			name = Release;
		};
/* End XCBuildConfiguration section */

/* Begin XCConfigurationList section */
		CC6619811C45B0B6001287E3 /* Build configuration list for PBXProject "MySafari" */ = {
			isa = XCConfigurationList;
			buildConfigurations = (
				CC66199B1C45B0B6001287E3 /* Debug */,
				CC66199C1C45B0B6001287E3 /* Release */,
			);
			defaultConfigurationIsVisible = 0;
			defaultConfigurationName = Release;
		};
		CC66199D1C45B0B6001287E3 /* Build configuration list for PBXNativeTarget "MySafari" */ = {
			isa = XCConfigurationList;
			buildConfigurations = (
				CC66199E1C45B0B6001287E3 /* Debug */,
				CC66199F1C45B0B6001287E3 /* Release */,
			);
			defaultConfigurationIsVisible = 0;
			defaultConfigurationName = Release;
		};
/* End XCConfigurationList section */
	};
	rootObject = CC66197E1C45B0B6001287E3 /* Project object */;
}
